
Microsoft Visual Studio Solution File, Format Version 11.00
# Visual Studio 2010
Project("{8BC9CEB8-8B4A-11D0-8D11-00A0C91BC942}") = "if", "if\if.vcxproj", "{0BFE556E-F613-45AA-AEF8-F07B32CEEAE6}"
EndProject
Project("{8BC9CEB8-8B4A-11D0-8D11-00A0C91BC942}") = "ifelse", "ifelse\ifelse.vcxproj", "{2274FE73-F89A-4570-8FF8-5C04F9ECADF2}"
EndProject
Project("{8BC9CEB8-8B4A-11D0-8D11-00A0C91BC942}") = "ifelseif", "ifelseif\ifelseif.vcxproj", "{C9DFB947-51F4-44E5-BBCC-156674AC840D}"
EndProject
Project("{8BC9CEB8-8B4A-11D0-8D11-00A0C91BC942}") = "or", "or\or.vcxproj", "{636DE583-F5AE-4384-9E03-90C8B51BE1D1}"
EndProject
Project("{8BC9CEB8-8B4A-11D0-8D11-00A0C91BC942}") = "and", "and\and.vcxproj", "{6DB4080E-DB06-4F64-BF28-BE5135973584}"
EndProject
Project("{8BC9CEB8-8B4A-11D0-8D11-00A0C91BC942}") = "more_and", "more_and\more_and.vcxproj", "{BE6C440A-C183-4D91-B44C-E9992508762C}"
EndProject
Project("{8BC9CEB8-8B4A-11D0-8D11-00A0C91BC942}") = "not", "not\not.vcxproj", "{FD8F4394-76E6-4BB2-A097-8B3E0E0002BA}"
EndProject
Project("{8BC9CEB8-8B4A-11D0-8D11-00A0C91BC942}") = "cctypes", "cctypes\cctypes.vcxproj", "{20920863-1429-4160-A2DC-97E21B05A9B8}"
EndProject
Global
	GlobalSection(SolutionConfigurationPlatforms) = preSolution
		Debug|Win32 = Debug|Win32
		Release|Win32 = Release|Win32
	EndGlobalSection
	GlobalSection(ProjectConfigurationPlatforms) = postSolution
		{0BFE556E-F613-45AA-AEF8-F07B32CEEAE6}.Debug|Win32.ActiveCfg = Debug|Win32
		{0BFE556E-F613-45AA-AEF8-F07B32CEEAE6}.Debug|Win32.Build.0 = Debug|Win32
		{0BFE556E-F613-45AA-AEF8-F07B32CEEAE6}.Release|Win32.ActiveCfg = Release|Win32
		{0BFE556E-F613-45AA-AEF8-F07B32CEEAE6}.Release|Win32.Build.0 = Release|Win32
		{2274FE73-F89A-4570-8FF8-5C04F9ECADF2}.Debug|Win32.ActiveCfg = Debug|Win32
		{2274FE73-F89A-4570-8FF8-5C04F9ECADF2}.Debug|Win32.Build.0 = Debug|Win32
		{2274FE73-F89A-4570-8FF8-5C04F9ECADF2}.Release|Win32.ActiveCfg = Release|Win32
		{2274FE73-F89A-4570-8FF8-5C04F9ECADF2}.Release|Win32.Build.0 = Release|Win32
		{C9DFB947-51F4-44E5-BBCC-156674AC840D}.Debug|Win32.ActiveCfg = Debug|Win32
		{C9DFB947-51F4-44E5-BBCC-156674AC840D}.Debug|Win32.Build.0 = Debug|Win32
		{C9DFB947-51F4-44E5-BBCC-156674AC840D}.Release|Win32.ActiveCfg = Release|Win32
		{C9DFB947-51F4-44E5-BBCC-156674AC840D}.Release|Win32.Build.0 = Release|Win32
		{636DE583-F5AE-4384-9E03-90C8B51BE1D1}.Debug|Win32.ActiveCfg = Debug|Win32
		{636DE583-F5AE-4384-9E03-90C8B51BE1D1}.Debug|Win32.Build.0 = Debug|Win32
		{636DE583-F5AE-4384-9E03-90C8B51BE1D1}.Release|Win32.ActiveCfg = Release|Win32
		{636DE583-F5AE-4384-9E03-90C8B51BE1D1}.Release|Win32.Build.0 = Release|Win32
		{6DB4080E-DB06-4F64-BF28-BE5135973584}.Debug|Win32.ActiveCfg = Debug|Win32
		{6DB4080E-DB06-4F64-BF28-BE5135973584}.Debug|Win32.Build.0 = Debug|Win32
		{6DB4080E-DB06-4F64-BF28-BE5135973584}.Release|Win32.ActiveCfg = Release|Win32
		{6DB4080E-DB06-4F64-BF28-BE5135973584}.Release|Win32.Build.0 = Release|Win32
		{BE6C440A-C183-4D91-B44C-E9992508762C}.Debug|Win32.ActiveCfg = Debug|Win32
		{BE6C440A-C183-4D91-B44C-E9992508762C}.Debug|Win32.Build.0 = Debug|Win32
		{BE6C440A-C183-4D91-B44C-E9992508762C}.Release|Win32.ActiveCfg = Release|Win32
		{BE6C440A-C183-4D91-B44C-E9992508762C}.Release|Win32.Build.0 = Release|Win32
		{FD8F4394-76E6-4BB2-A097-8B3E0E0002BA}.Debug|Win32.ActiveCfg = Debug|Win32
		{FD8F4394-76E6-4BB2-A097-8B3E0E0002BA}.Debug|Win32.Build.0 = Debug|Win32
		{FD8F4394-76E6-4BB2-A097-8B3E0E0002BA}.Release|Win32.ActiveCfg = Release|Win32
		{FD8F4394-76E6-4BB2-A097-8B3E0E0002BA}.Release|Win32.Build.0 = Release|Win32
		{20920863-1429-4160-A2DC-97E21B05A9B8}.Debug|Win32.ActiveCfg = Debug|Win32
		{20920863-1429-4160-A2DC-97E21B05A9B8}.Debug|Win32.Build.0 = Debug|Win32
		{20920863-1429-4160-A2DC-97E21B05A9B8}.Release|Win32.ActiveCfg = Release|Win32
		{20920863-1429-4160-A2DC-97E21B05A9B8}.Release|Win32.Build.0 = Release|Win32
	EndGlobalSection
	GlobalSection(SolutionProperties) = preSolution
		HideSolutionNode = FALSE
	EndGlobalSection
EndGlobal
